// !$*UTF8*$!
{
	archiveVersion = 1;
	classes = {
	};
	objectVersion = 46;
	objects = {

/* Begin PBXBuildFile section */
		390B7C693F2FC94E5C680DAA /* Pods_Lowkl.framework in Frameworks */ = {isa = PBXBuildFile; fileRef = 54081175611C38B1B98075AA /* Pods_Lowkl.framework */; };
		8A55B5B51D7243E600A112E3 /* GiveTour.swift in Sources */ = {isa = PBXBuildFile; fileRef = 8A55B5B41D7243E600A112E3 /* GiveTour.swift */; };
		8A8480E51D72689F007713FC /* UserProfile.swift in Sources */ = {isa = PBXBuildFile; fileRef = 8A8480E41D72689F007713FC /* UserProfile.swift */; };
		8A8480E71D7268C9007713FC /* GoogleService-Info.plist in Resources */ = {isa = PBXBuildFile; fileRef = 8A8480E61D7268C9007713FC /* GoogleService-Info.plist */; };
		A9C350B51D722607006BAD03 /* FBSDKCoreKit.framework in Frameworks */ = {isa = PBXBuildFile; fileRef = A9C350B41D722607006BAD03 /* FBSDKCoreKit.framework */; };
		A9C350B91D7227F4006BAD03 /* Bolts.framework in Frameworks */ = {isa = PBXBuildFile; fileRef = A9C350B81D7227F4006BAD03 /* Bolts.framework */; };
		A9C350BB1D72396F006BAD03 /* FBSDKLoginKit.framework in Frameworks */ = {isa = PBXBuildFile; fileRef = A9C350BA1D72396F006BAD03 /* FBSDKLoginKit.framework */; };
		F4DB030B1D7216BF006D664B /* AppDelegate.swift in Sources */ = {isa = PBXBuildFile; fileRef = F4DB030A1D7216BF006D664B /* AppDelegate.swift */; };
		F4DB030D1D7216BF006D664B /* ViewController.swift in Sources */ = {isa = PBXBuildFile; fileRef = F4DB030C1D7216BF006D664B /* ViewController.swift */; };
		F4DB03101D7216BF006D664B /* Main.storyboard in Resources */ = {isa = PBXBuildFile; fileRef = F4DB030E1D7216BF006D664B /* Main.storyboard */; };
		F4DB03121D7216BF006D664B /* Assets.xcassets in Resources */ = {isa = PBXBuildFile; fileRef = F4DB03111D7216BF006D664B /* Assets.xcassets */; };
		F4DB03151D7216BF006D664B /* LaunchScreen.storyboard in Resources */ = {isa = PBXBuildFile; fileRef = F4DB03131D7216BF006D664B /* LaunchScreen.storyboard */; };
		F4DB03301D7221F6006D664B /* GeoFire.m in Sources */ = {isa = PBXBuildFile; fileRef = F4DB03271D7221F6006D664B /* GeoFire.m */; };
		F4DB03311D7221F6006D664B /* GFBase32Utils.m in Sources */ = {isa = PBXBuildFile; fileRef = F4DB03291D7221F6006D664B /* GFBase32Utils.m */; };
		F4DB03321D7221F6006D664B /* GFGeoHash.m in Sources */ = {isa = PBXBuildFile; fileRef = F4DB032B1D7221F6006D664B /* GFGeoHash.m */; };
		F4DB03331D7221F6006D664B /* GFGeoHashQuery.m in Sources */ = {isa = PBXBuildFile; fileRef = F4DB032D1D7221F6006D664B /* GFGeoHashQuery.m */; };
		F4DB03341D7221F6006D664B /* GFQuery.m in Sources */ = {isa = PBXBuildFile; fileRef = F4DB032F1D7221F6006D664B /* GFQuery.m */; };
		F4DB03371D7223E7006D664B /* FindTourViewController.swift in Sources */ = {isa = PBXBuildFile; fileRef = F4DB03361D7223E7006D664B /* FindTourViewController.swift */; };
/* End PBXBuildFile section */

/* Begin PBXFileReference section */
		54081175611C38B1B98075AA /* Pods_Lowkl.framework */ = {isa = PBXFileReference; explicitFileType = wrapper.framework; includeInIndex = 0; path = Pods_Lowkl.framework; sourceTree = BUILT_PRODUCTS_DIR; };
		7E60BA70C879E1DCFC35043C /* Pods-Lowkl.debug.xcconfig */ = {isa = PBXFileReference; includeInIndex = 1; lastKnownFileType = text.xcconfig; name = "Pods-Lowkl.debug.xcconfig"; path = "Pods/Target Support Files/Pods-Lowkl/Pods-Lowkl.debug.xcconfig"; sourceTree = "<group>"; };
		8A55B5B41D7243E600A112E3 /* GiveTour.swift */ = {isa = PBXFileReference; fileEncoding = 4; lastKnownFileType = sourcecode.swift; path = GiveTour.swift; sourceTree = "<group>"; };
		8A8480E41D72689F007713FC /* UserProfile.swift */ = {isa = PBXFileReference; fileEncoding = 4; lastKnownFileType = sourcecode.swift; path = UserProfile.swift; sourceTree = "<group>"; };
		8A8480E61D7268C9007713FC /* GoogleService-Info.plist */ = {isa = PBXFileReference; fileEncoding = 4; lastKnownFileType = text.plist.xml; path = "GoogleService-Info.plist"; sourceTree = "<group>"; };
		A9C350B41D722607006BAD03 /* FBSDKCoreKit.framework */ = {isa = PBXFileReference; lastKnownFileType = wrapper.framework; path = FBSDKCoreKit.framework; sourceTree = "<group>"; };
		A9C350B81D7227F4006BAD03 /* Bolts.framework */ = {isa = PBXFileReference; lastKnownFileType = wrapper.framework; path = Bolts.framework; sourceTree = "<group>"; };
		A9C350BA1D72396F006BAD03 /* FBSDKLoginKit.framework */ = {isa = PBXFileReference; lastKnownFileType = wrapper.framework; path = FBSDKLoginKit.framework; sourceTree = "<group>"; };
		CDCB8BCED3E18E8096C805FE /* Pods-Lowkl.release.xcconfig */ = {isa = PBXFileReference; includeInIndex = 1; lastKnownFileType = text.xcconfig; name = "Pods-Lowkl.release.xcconfig"; path = "Pods/Target Support Files/Pods-Lowkl/Pods-Lowkl.release.xcconfig"; sourceTree = "<group>"; };
		F4DB03071D7216BF006D664B /* Lowkl.app */ = {isa = PBXFileReference; explicitFileType = wrapper.application; includeInIndex = 0; path = Lowkl.app; sourceTree = BUILT_PRODUCTS_DIR; };
		F4DB030A1D7216BF006D664B /* AppDelegate.swift */ = {isa = PBXFileReference; lastKnownFileType = sourcecode.swift; path = AppDelegate.swift; sourceTree = "<group>"; };
		F4DB030C1D7216BF006D664B /* ViewController.swift */ = {isa = PBXFileReference; lastKnownFileType = sourcecode.swift; path = ViewController.swift; sourceTree = "<group>"; };
		F4DB030F1D7216BF006D664B /* Base */ = {isa = PBXFileReference; lastKnownFileType = file.storyboard; name = Base; path = Base.lproj/Main.storyboard; sourceTree = "<group>"; };
		F4DB03111D7216BF006D664B /* Assets.xcassets */ = {isa = PBXFileReference; lastKnownFileType = folder.assetcatalog; path = Assets.xcassets; sourceTree = "<group>"; };
		F4DB03141D7216BF006D664B /* Base */ = {isa = PBXFileReference; lastKnownFileType = file.storyboard; name = Base; path = Base.lproj/LaunchScreen.storyboard; sourceTree = "<group>"; };
		F4DB03161D7216BF006D664B /* Info.plist */ = {isa = PBXFileReference; lastKnownFileType = text.plist.xml; path = Info.plist; sourceTree = "<group>"; };
		F4DB03201D7221F6006D664B /* GeoFire.h */ = {isa = PBXFileReference; fileEncoding = 4; lastKnownFileType = sourcecode.c.h; path = GeoFire.h; sourceTree = "<group>"; };
		F4DB03211D7221F6006D664B /* GFCircleQuery.h */ = {isa = PBXFileReference; fileEncoding = 4; lastKnownFileType = sourcecode.c.h; path = GFCircleQuery.h; sourceTree = "<group>"; };
		F4DB03221D7221F6006D664B /* GFQuery.h */ = {isa = PBXFileReference; fileEncoding = 4; lastKnownFileType = sourcecode.c.h; path = GFQuery.h; sourceTree = "<group>"; };
		F4DB03231D7221F6006D664B /* GFRegionQuery.h */ = {isa = PBXFileReference; fileEncoding = 4; lastKnownFileType = sourcecode.c.h; path = GFRegionQuery.h; sourceTree = "<group>"; };
		F4DB03241D7221F6006D664B /* GeoFire-Prefix.pch */ = {isa = PBXFileReference; fileEncoding = 4; lastKnownFileType = sourcecode.c.h; path = "GeoFire-Prefix.pch"; sourceTree = "<group>"; };
		F4DB03261D7221F6006D664B /* GeoFire+Private.h */ = {isa = PBXFileReference; fileEncoding = 4; lastKnownFileType = sourcecode.c.h; path = "GeoFire+Private.h"; sourceTree = "<group>"; };
		F4DB03271D7221F6006D664B /* GeoFire.m */ = {isa = PBXFileReference; fileEncoding = 4; lastKnownFileType = sourcecode.c.objc; path = GeoFire.m; sourceTree = "<group>"; };
		F4DB03281D7221F6006D664B /* GFBase32Utils.h */ = {isa = PBXFileReference; fileEncoding = 4; lastKnownFileType = sourcecode.c.h; path = GFBase32Utils.h; sourceTree = "<group>"; };
		F4DB03291D7221F6006D664B /* GFBase32Utils.m */ = {isa = PBXFileReference; fileEncoding = 4; lastKnownFileType = sourcecode.c.objc; path = GFBase32Utils.m; sourceTree = "<group>"; };
		F4DB032A1D7221F6006D664B /* GFGeoHash.h */ = {isa = PBXFileReference; fileEncoding = 4; lastKnownFileType = sourcecode.c.h; path = GFGeoHash.h; sourceTree = "<group>"; };
		F4DB032B1D7221F6006D664B /* GFGeoHash.m */ = {isa = PBXFileReference; fileEncoding = 4; lastKnownFileType = sourcecode.c.objc; path = GFGeoHash.m; sourceTree = "<group>"; };
		F4DB032C1D7221F6006D664B /* GFGeoHashQuery.h */ = {isa = PBXFileReference; fileEncoding = 4; lastKnownFileType = sourcecode.c.h; path = GFGeoHashQuery.h; sourceTree = "<group>"; };
		F4DB032D1D7221F6006D664B /* GFGeoHashQuery.m */ = {isa = PBXFileReference; fileEncoding = 4; lastKnownFileType = sourcecode.c.objc; path = GFGeoHashQuery.m; sourceTree = "<group>"; };
		F4DB032E1D7221F6006D664B /* GFQuery+Private.h */ = {isa = PBXFileReference; fileEncoding = 4; lastKnownFileType = sourcecode.c.h; path = "GFQuery+Private.h"; sourceTree = "<group>"; };
		F4DB032F1D7221F6006D664B /* GFQuery.m */ = {isa = PBXFileReference; fileEncoding = 4; lastKnownFileType = sourcecode.c.objc; path = GFQuery.m; sourceTree = "<group>"; };
		F4DB03351D7222EC006D664B /* Lowlk-Bridging-Header.h */ = {isa = PBXFileReference; lastKnownFileType = sourcecode.c.h; path = "Lowlk-Bridging-Header.h"; sourceTree = "<group>"; };
		F4DB03361D7223E7006D664B /* FindTourViewController.swift */ = {isa = PBXFileReference; fileEncoding = 4; lastKnownFileType = sourcecode.swift; path = FindTourViewController.swift; sourceTree = "<group>"; };
/* End PBXFileReference section */

/* Begin PBXFrameworksBuildPhase section */
		F4DB03041D7216BF006D664B /* Frameworks */ = {
			isa = PBXFrameworksBuildPhase;
			buildActionMask = 2147483647;
			files = (
				A9C350B91D7227F4006BAD03 /* Bolts.framework in Frameworks */,
				390B7C693F2FC94E5C680DAA /* Pods_Lowkl.framework in Frameworks */,
				A9C350BB1D72396F006BAD03 /* FBSDKLoginKit.framework in Frameworks */,
				A9C350B51D722607006BAD03 /* FBSDKCoreKit.framework in Frameworks */,
			);
			runOnlyForDeploymentPostprocessing = 0;
		};
/* End PBXFrameworksBuildPhase section */

/* Begin PBXGroup section */
		085E7F6A73C841C4A7AA3A5C /* Pods */ = {
			isa = PBXGroup;
			children = (
				7E60BA70C879E1DCFC35043C /* Pods-Lowkl.debug.xcconfig */,
				CDCB8BCED3E18E8096C805FE /* Pods-Lowkl.release.xcconfig */,
			);
			name = Pods;
			sourceTree = "<group>";
		};
		6F05646D3A9DCB98A340B017 /* Frameworks */ = {
			isa = PBXGroup;
			children = (
				A9C350BA1D72396F006BAD03 /* FBSDKLoginKit.framework */,
				A9C350B81D7227F4006BAD03 /* Bolts.framework */,
				A9C350B41D722607006BAD03 /* FBSDKCoreKit.framework */,
				54081175611C38B1B98075AA /* Pods_Lowkl.framework */,
			);
			name = Frameworks;
			sourceTree = "<group>";
		};
		F4DB02FE1D7216BF006D664B = {
			isa = PBXGroup;
			children = (
				F4DB03091D7216BF006D664B /* Lowkl */,
				F4DB03081D7216BF006D664B /* Products */,
				085E7F6A73C841C4A7AA3A5C /* Pods */,
				6F05646D3A9DCB98A340B017 /* Frameworks */,
			);
			sourceTree = "<group>";
		};
		F4DB03081D7216BF006D664B /* Products */ = {
			isa = PBXGroup;
			children = (
				F4DB03071D7216BF006D664B /* Lowkl.app */,
			);
			name = Products;
			sourceTree = "<group>";
		};
		F4DB03091D7216BF006D664B /* Lowkl */ = {
			isa = PBXGroup;
			children = (
				F4DB031E1D7221F6006D664B /* GeoFire */,
				F4DB030A1D7216BF006D664B /* AppDelegate.swift */,
				F4DB030C1D7216BF006D664B /* ViewController.swift */,
				F4DB03361D7223E7006D664B /* FindTourViewController.swift */,
				F4DB030E1D7216BF006D664B /* Main.storyboard */,
				F4DB03111D7216BF006D664B /* Assets.xcassets */,
				F4DB03131D7216BF006D664B /* LaunchScreen.storyboard */,
				F4DB03161D7216BF006D664B /* Info.plist */,
				8A55B5B41D7243E600A112E3 /* GiveTour.swift */,
				F4DB03351D7222EC006D664B /* Lowlk-Bridging-Header.h */,
				8A8480E41D72689F007713FC /* UserProfile.swift */,
			);
			path = Lowkl;
			sourceTree = "<group>";
		};
		F4DB031E1D7221F6006D664B /* GeoFire */ = {
			isa = PBXGroup;
			children = (
				8A8480E61D7268C9007713FC /* GoogleService-Info.plist */,
				F4DB031F1D7221F6006D664B /* API */,
				F4DB03241D7221F6006D664B /* GeoFire-Prefix.pch */,
				F4DB03251D7221F6006D664B /* Implementation */,
			);
			path = GeoFire;
			sourceTree = "<group>";
		};
		F4DB031F1D7221F6006D664B /* API */ = {
			isa = PBXGroup;
			children = (
				F4DB03201D7221F6006D664B /* GeoFire.h */,
				F4DB03211D7221F6006D664B /* GFCircleQuery.h */,
				F4DB03221D7221F6006D664B /* GFQuery.h */,
				F4DB03231D7221F6006D664B /* GFRegionQuery.h */,
			);
			path = API;
			sourceTree = "<group>";
		};
		F4DB03251D7221F6006D664B /* Implementation */ = {
			isa = PBXGroup;
			children = (
				F4DB03261D7221F6006D664B /* GeoFire+Private.h */,
				F4DB03271D7221F6006D664B /* GeoFire.m */,
				F4DB03281D7221F6006D664B /* GFBase32Utils.h */,
				F4DB03291D7221F6006D664B /* GFBase32Utils.m */,
				F4DB032A1D7221F6006D664B /* GFGeoHash.h */,
				F4DB032B1D7221F6006D664B /* GFGeoHash.m */,
				F4DB032C1D7221F6006D664B /* GFGeoHashQuery.h */,
				F4DB032D1D7221F6006D664B /* GFGeoHashQuery.m */,
				F4DB032E1D7221F6006D664B /* GFQuery+Private.h */,
				F4DB032F1D7221F6006D664B /* GFQuery.m */,
			);
			path = Implementation;
			sourceTree = "<group>";
		};
/* End PBXGroup section */

/* Begin PBXNativeTarget section */
		F4DB03061D7216BF006D664B /* Lowkl */ = {
			isa = PBXNativeTarget;
			buildConfigurationList = F4DB03191D7216BF006D664B /* Build configuration list for PBXNativeTarget "Lowkl" */;
			buildPhases = (
				5AA57B6942D30B07929C8F86 /* 📦 Check Pods Manifest.lock */,
				F4DB03031D7216BF006D664B /* Sources */,
				F4DB03041D7216BF006D664B /* Frameworks */,
				F4DB03051D7216BF006D664B /* Resources */,
				53CA09558DD84524898E8CED /* 📦 Embed Pods Frameworks */,
				36FB3C5CCCAB37149E3F74A8 /* 📦 Copy Pods Resources */,
			);
			buildRules = (
			);
			dependencies = (
			);
			name = Lowkl;
			productName = Lowkl;
			productReference = F4DB03071D7216BF006D664B /* Lowkl.app */;
			productType = "com.apple.product-type.application";
		};
/* End PBXNativeTarget section */

/* Begin PBXProject section */
		F4DB02FF1D7216BF006D664B /* Project object */ = {
			isa = PBXProject;
			attributes = {
				LastSwiftUpdateCheck = 0730;
				LastUpgradeCheck = 0730;
				ORGANIZATIONNAME = "Jorge Luis Perales";
				TargetAttributes = {
					F4DB03061D7216BF006D664B = {
						CreatedOnToolsVersion = 7.3;
						DevelopmentTeam = 642XEDEKJP;
					};
				};
			};
			buildConfigurationList = F4DB03021D7216BF006D664B /* Build configuration list for PBXProject "Lowkl" */;
			compatibilityVersion = "Xcode 3.2";
			developmentRegion = English;
			hasScannedForEncodings = 0;
			knownRegions = (
				en,
				Base,
			);
			mainGroup = F4DB02FE1D7216BF006D664B;
			productRefGroup = F4DB03081D7216BF006D664B /* Products */;
			projectDirPath = "";
			projectRoot = "";
			targets = (
				F4DB03061D7216BF006D664B /* Lowkl */,
			);
		};
/* End PBXProject section */

/* Begin PBXResourcesBuildPhase section */
		F4DB03051D7216BF006D664B /* Resources */ = {
			isa = PBXResourcesBuildPhase;
			buildActionMask = 2147483647;
			files = (
				F4DB03151D7216BF006D664B /* LaunchScreen.storyboard in Resources */,
				8A8480E71D7268C9007713FC /* GoogleService-Info.plist in Resources */,
				F4DB03121D7216BF006D664B /* Assets.xcassets in Resources */,
				F4DB03101D7216BF006D664B /* Main.storyboard in Resources */,
			);
			runOnlyForDeploymentPostprocessing = 0;
		};
/* End PBXResourcesBuildPhase section */

/* Begin PBXShellScriptBuildPhase section */
		36FB3C5CCCAB37149E3F74A8 /* 📦 Copy Pods Resources */ = {
			isa = PBXShellScriptBuildPhase;
			buildActionMask = 2147483647;
			files = (
			);
			inputPaths = (
			);
			name = "📦 Copy Pods Resources";
			outputPaths = (
			);
			runOnlyForDeploymentPostprocessing = 0;
			shellPath = /bin/sh;
			shellScript = "\"${SRCROOT}/Pods/Target Support Files/Pods-Lowkl/Pods-Lowkl-resources.sh\"\n";
			showEnvVarsInLog = 0;
		};
		53CA09558DD84524898E8CED /* 📦 Embed Pods Frameworks */ = {
			isa = PBXShellScriptBuildPhase;
			buildActionMask = 2147483647;
			files = (
			);
			inputPaths = (
			);
			name = "📦 Embed Pods Frameworks";
			outputPaths = (
			);
			runOnlyForDeploymentPostprocessing = 0;
			shellPath = /bin/sh;
			shellScript = "\"${SRCROOT}/Pods/Target Support Files/Pods-Lowkl/Pods-Lowkl-frameworks.sh\"\n";
			showEnvVarsInLog = 0;
		};
		5AA57B6942D30B07929C8F86 /* 📦 Check Pods Manifest.lock */ = {
			isa = PBXShellScriptBuildPhase;
			buildActionMask = 2147483647;
			files = (
			);
			inputPaths = (
			);
			name = "📦 Check Pods Manifest.lock";
			outputPaths = (
			);
			runOnlyForDeploymentPostprocessing = 0;
			shellPath = /bin/sh;
			shellScript = "diff \"${PODS_ROOT}/../Podfile.lock\" \"${PODS_ROOT}/Manifest.lock\" > /dev/null\nif [[ $? != 0 ]] ; then\n    cat << EOM\nerror: The sandbox is not in sync with the Podfile.lock. Run 'pod install' or update your CocoaPods installation.\nEOM\n    exit 1\nfi\n";
			showEnvVarsInLog = 0;
		};
/* End PBXShellScriptBuildPhase section */

/* Begin PBXSourcesBuildPhase section */
		F4DB03031D7216BF006D664B /* Sources */ = {
			isa = PBXSourcesBuildPhase;
			buildActionMask = 2147483647;
			files = (
				F4DB03311D7221F6006D664B /* GFBase32Utils.m in Sources */,
				F4DB03371D7223E7006D664B /* FindTourViewController.swift in Sources */,
				8A8480E51D72689F007713FC /* UserProfile.swift in Sources */,
				F4DB030D1D7216BF006D664B /* ViewController.swift in Sources */,
				F4DB03321D7221F6006D664B /* GFGeoHash.m in Sources */,
				F4DB030B1D7216BF006D664B /* AppDelegate.swift in Sources */,
				8A55B5B51D7243E600A112E3 /* GiveTour.swift in Sources */,
				F4DB03301D7221F6006D664B /* GeoFire.m in Sources */,
				F4DB03331D7221F6006D664B /* GFGeoHashQuery.m in Sources */,
				F4DB03341D7221F6006D664B /* GFQuery.m in Sources */,
			);
			runOnlyForDeploymentPostprocessing = 0;
		};
/* End PBXSourcesBuildPhase section */

/* Begin PBXVariantGroup section */
		F4DB030E1D7216BF006D664B /* Main.storyboard */ = {
			isa = PBXVariantGroup;
			children = (
				F4DB030F1D7216BF006D664B /* Base */,
			);
			name = Main.storyboard;
			sourceTree = "<group>";
		};
		F4DB03131D7216BF006D664B /* LaunchScreen.storyboard */ = {
			isa = PBXVariantGroup;
			children = (
				F4DB03141D7216BF006D664B /* Base */,
			);
			name = LaunchScreen.storyboard;
			sourceTree = "<group>";
		};
/* End PBXVariantGroup section */

/* Begin XCBuildConfiguration section */
		F4DB03171D7216BF006D664B /* Debug */ = {
			isa = XCBuildConfiguration;
			buildSettings = {
				ALWAYS_SEARCH_USER_PATHS = NO;
				CLANG_ANALYZER_NONNULL = YES;
				CLANG_CXX_LANGUAGE_STANDARD = "gnu++0x";
				CLANG_CXX_LIBRARY = "libc++";
				CLANG_ENABLE_MODULES = YES;
				CLANG_ENABLE_OBJC_ARC = YES;
				CLANG_WARN_BOOL_CONVERSION = YES;
				CLANG_WARN_CONSTANT_CONVERSION = YES;
				CLANG_WARN_DIRECT_OBJC_ISA_USAGE = YES_ERROR;
				CLANG_WARN_EMPTY_BODY = YES;
				CLANG_WARN_ENUM_CONVERSION = YES;
				CLANG_WARN_INT_CONVERSION = YES;
				CLANG_WARN_OBJC_ROOT_CLASS = YES_ERROR;
				CLANG_WARN_UNREACHABLE_CODE = YES;
				CLANG_WARN__DUPLICATE_METHOD_MATCH = YES;
				"CODE_SIGN_IDENTITY[sdk=iphoneos*]" = "iPhone Developer";
				COPY_PHASE_STRIP = NO;
				DEBUG_INFORMATION_FORMAT = dwarf;
				ENABLE_STRICT_OBJC_MSGSEND = YES;
				ENABLE_TESTABILITY = YES;
				GCC_C_LANGUAGE_STANDARD = gnu99;
				GCC_DYNAMIC_NO_PIC = NO;
				GCC_NO_COMMON_BLOCKS = YES;
				GCC_OPTIMIZATION_LEVEL = 0;
				GCC_PREPROCESSOR_DEFINITIONS = (
					"DEBUG=1",
					"$(inherited)",
				);
				GCC_WARN_64_TO_32_BIT_CONVERSION = YES;
				GCC_WARN_ABOUT_RETURN_TYPE = YES_ERROR;
				GCC_WARN_UNDECLARED_SELECTOR = YES;
				GCC_WARN_UNINITIALIZED_AUTOS = YES_AGGRESSIVE;
				GCC_WARN_UNUSED_FUNCTION = YES;
				GCC_WARN_UNUSED_VARIABLE = YES;
				IPHONEOS_DEPLOYMENT_TARGET = 9.3;
				MTL_ENABLE_DEBUG_INFO = YES;
				ONLY_ACTIVE_ARCH = YES;
				SDKROOT = iphoneos;
				SWIFT_OPTIMIZATION_LEVEL = "-Onone";
				TARGETED_DEVICE_FAMILY = "1,2";
			};
			name = Debug;
		};
		F4DB03181D7216BF006D664B /* Release */ = {
			isa = XCBuildConfiguration;
			buildSettings = {
				ALWAYS_SEARCH_USER_PATHS = NO;
				CLANG_ANALYZER_NONNULL = YES;
				CLANG_CXX_LANGUAGE_STANDARD = "gnu++0x";
				CLANG_CXX_LIBRARY = "libc++";
				CLANG_ENABLE_MODULES = YES;
				CLANG_ENABLE_OBJC_ARC = YES;
				CLANG_WARN_BOOL_CONVERSION = YES;
				CLANG_WARN_CONSTANT_CONVERSION = YES;
				CLANG_WARN_DIRECT_OBJC_ISA_USAGE = YES_ERROR;
				CLANG_WARN_EMPTY_BODY = YES;
				CLANG_WARN_ENUM_CONVERSION = YES;
				CLANG_WARN_INT_CONVERSION = YES;
				CLANG_WARN_OBJC_ROOT_CLASS = YES_ERROR;
				CLANG_WARN_UNREACHABLE_CODE = YES;
				CLANG_WARN__DUPLICATE_METHOD_MATCH = YES;
				"CODE_SIGN_IDENTITY[sdk=iphoneos*]" = "iPhone Developer";
				COPY_PHASE_STRIP = NO;
				DEBUG_INFORMATION_FORMAT = "dwarf-with-dsym";
				ENABLE_NS_ASSERTIONS = NO;
				ENABLE_STRICT_OBJC_MSGSEND = YES;
				GCC_C_LANGUAGE_STANDARD = gnu99;
				GCC_NO_COMMON_BLOCKS = YES;
				GCC_WARN_64_TO_32_BIT_CONVERSION = YES;
				GCC_WARN_ABOUT_RETURN_TYPE = YES_ERROR;
				GCC_WARN_UNDECLARED_SELECTOR = YES;
				GCC_WARN_UNINITIALIZED_AUTOS = YES_AGGRESSIVE;
				GCC_WARN_UNUSED_FUNCTION = YES;
				GCC_WARN_UNUSED_VARIABLE = YES;
				IPHONEOS_DEPLOYMENT_TARGET = 9.3;
				MTL_ENABLE_DEBUG_INFO = NO;
				SDKROOT = iphoneos;
				TARGETED_DEVICE_FAMILY = "1,2";
				VALIDATE_PRODUCT = YES;
			};
			name = Release;
		};
		F4DB031A1D7216BF006D664B /* Debug */ = {
			isa = XCBuildConfiguration;
			baseConfigurationReference = 7E60BA70C879E1DCFC35043C /* Pods-Lowkl.debug.xcconfig */;
			buildSettings = {
				ASSETCATALOG_COMPILER_APPICON_NAME = AppIcon;
				CODE_SIGN_IDENTITY = "iPhone Developer";
				"CODE_SIGN_IDENTITY[sdk=iphoneos*]" = "iPhone Developer";
				FRAMEWORK_SEARCH_PATHS = (
					"$(inherited)",
					"$(PROJECT_DIR)",
					"\"$(SRCROOT)/FBSDKCoreKit.framework\"",
					"\"$(SRCROOT)/Bolts.framework\"",
					"\"$(SRCROOT)/FBSDKLoginKit.framework\"",
				);
				INFOPLIST_FILE = Lowkl/Info.plist;
				LD_RUNPATH_SEARCH_PATHS = "$(inherited) @executable_path/Frameworks";
				PRODUCT_BUNDLE_IDENTIFIER = com.lowkl.Lowkl;
				PRODUCT_NAME = "$(TARGET_NAME)";
				PROVISIONING_PROFILE = "";
				SWIFT_OBJC_BRIDGING_HEADER = "Lowkl/Lowlk-Bridging-Header.h";
			};
			name = Debug;
		};
		F4DB031B1D7216BF006D664B /* Release */ = {
			isa = XCBuildConfiguration;
			baseConfigurationReference = CDCB8BCED3E18E8096C805FE /* Pods-Lowkl.release.xcconfig */;
			buildSettings = {
				ASSETCATALOG_COMPILER_APPICON_NAME = AppIcon;
				CODE_SIGN_IDENTITY = "iPhone Developer";
				"CODE_SIGN_IDENTITY[sdk=iphoneos*]" = "iPhone Developer";
				FRAMEWORK_SEARCH_PATHS = (
					"$(inherited)",
					"$(PROJECT_DIR)",
					"\"$(SRCROOT)/FBSDKCoreKit.framework\"",
					"\"$(SRCROOT)/Bolts.framework\"",
					"\"$(SRCROOT)/FBSDKLoginKit.framework\"",
				);
				INFOPLIST_FILE = Lowkl/Info.plist;
				LD_RUNPATH_SEARCH_PATHS = "$(inherited) @executable_path/Frameworks";
				PRODUCT_BUNDLE_IDENTIFIER = com.lowkl.Lowkl;
				PRODUCT_NAME = "$(TARGET_NAME)";
				PROVISIONING_PROFILE = "";
				SWIFT_OBJC_BRIDGING_HEADER = "Lowkl/Lowlk-Bridging-Header.h";
			};
			name = Release;
		};
/* End XCBuildConfiguration section */

/* Begin XCConfigurationList section */
		F4DB03021D7216BF006D664B /* Build configuration list for PBXProject "Lowkl" */ = {
			isa = XCConfigurationList;
			buildConfigurations = (
				F4DB03171D7216BF006D664B /* Debug */,
				F4DB03181D7216BF006D664B /* Release */,
			);
			defaultConfigurationIsVisible = 0;
			defaultConfigurationName = Release;
		};
		F4DB03191D7216BF006D664B /* Build configuration list for PBXNativeTarget "Lowkl" */ = {
			isa = XCConfigurationList;
			buildConfigurations = (
				F4DB031A1D7216BF006D664B /* Debug */,
				F4DB031B1D7216BF006D664B /* Release */,
			);
			defaultConfigurationIsVisible = 0;
			defaultConfigurationName = Release;
		};
/* End XCConfigurationList section */
	};
	rootObject = F4DB02FF1D7216BF006D664B /* Project object */;
}
